
Microsoft Visual Studio Solution File, Format Version 12.00
# Visual Studio Version 17
VisualStudioVersion = 17.11.35303.130
MinimumVisualStudioVersion = 10.0.40219.1
Project("{2150E333-8FDC-42A3-9474-1A3956D46DE8}") = "Task0", "Task0", "{F820A2FF-61BF-417D-B512-8EDA1CDE27AD}"
EndProject
Project("{9A19103F-16F7-4668-BE54-9A1E7A4F7556}") = "Tyuiu.MitinNV.Sprint0.Task0.V0", "Tyuiu.MitinNV.Sprint0.Task0.V0\Tyuiu.MitinNV.Sprint0.Task0.V0.csproj", "{2D4EFC7F-9406-4CE3-93C0-527AF0720308}"
EndProject
Project("{2150E333-8FDC-42A3-9474-1A3956D46DE8}") = "Task1", "Task1", "{88FA1ACC-E1B3-48EE-A2E2-E65BEEDB77ED}"
EndProject
Project("{9A19103F-16F7-4668-BE54-9A1E7A4F7556}") = "Tyuiu.MitinNV.Sprint0.Task1.V0", "Tyuiu.MitinNV.Sprint0.Task1.V0\Tyuiu.MitinNV.Sprint0.Task1.V0.csproj", "{A3D49318-E42B-490E-94EF-13FC1811EC3B}"
EndProject
Project("{2150E333-8FDC-42A3-9474-1A3956D46DE8}") = "Task2", "Task2", "{1BC78E93-BD8B-45F9-8EDF-07EC0567BEA0}"
EndProject
Project("{FAE04EC0-301F-11D3-BF4B-00C04F79EFBC}") = "Tyuiu.MitinNV.Sprint0.Task2.V0", "Tyuiu.MitinNV.Sprint0.Task2.V0\Tyuiu.MitinNV.Sprint0.Task2.V0.csproj", "{0E0CE5D0-5F78-4C3C-9352-67214C50E4B7}"
EndProject
Project("{FAE04EC0-301F-11D3-BF4B-00C04F79EFBC}") = "Tyuiu.MitinNV.Sprint0.Task2.V0.Lib", "Tyuiu.MitinNV.Sprint0.Task2.V0.Lib\Tyuiu.MitinNV.Sprint0.Task2.V0.Lib.csproj", "{4DA278ED-848B-4B3C-8A48-0C2958E98CAD}"
EndProject
Project("{FAE04EC0-301F-11D3-BF4B-00C04F79EFBC}") = "Tyuiu.MitinNV.Sprint0.Task2.V0.Test", "Tyuiu.MitinNV.Sprint0.Task2.V0.Test\Tyuiu.MitinNV.Sprint0.Task2.V0.Test.csproj", "{E1DA21A7-D564-4F33-82BD-F9037AE6048F}"
EndProject
Project("{2150E333-8FDC-42A3-9474-1A3956D46DE8}") = "Task3", "Task3", "{2A3191B6-1D9B-4DAA-A469-0E182F235AE2}"
EndProject
Project("{FAE04EC0-301F-11D3-BF4B-00C04F79EFBC}") = "Tyuiu.MitinNV.Sprint0.Task3.V0", "Tyuiu.MitinNV.Sprint0.Task3.V0\Tyuiu.MitinNV.Sprint0.Task3.V0.csproj", "{41D487FC-B141-44E4-9239-F3DB3D0D5920}"
EndProject
Project("{FAE04EC0-301F-11D3-BF4B-00C04F79EFBC}") = "Tyuiu.MitinNV.Sprint0.Task3.V0.Lib", "Tyuiu.MitinNV.Sprint0.Task3.V0.Lib\Tyuiu.MitinNV.Sprint0.Task3.V0.Lib.csproj", "{287218C2-57B8-46DA-8017-D5B7DB105E9B}"
EndProject
Project("{FAE04EC0-301F-11D3-BF4B-00C04F79EFBC}") = "Tyuiu.MitinNV.Sprint0.Task3.V0.Test", "Tyuiu.MitinNV.Sprint0.Task3.V0.Test\Tyuiu.MitinNV.Sprint0.Task3.V0.Test.csproj", "{FF6CAF10-138C-4E90-9ACC-99CB88755CE7}"
EndProject
Global
	GlobalSection(SolutionConfigurationPlatforms) = preSolution
		Debug|Any CPU = Debug|Any CPU
		Release|Any CPU = Release|Any CPU
	EndGlobalSection
	GlobalSection(ProjectConfigurationPlatforms) = postSolution
		{2D4EFC7F-9406-4CE3-93C0-527AF0720308}.Debug|Any CPU.ActiveCfg = Debug|Any CPU
		{2D4EFC7F-9406-4CE3-93C0-527AF0720308}.Debug|Any CPU.Build.0 = Debug|Any CPU
		{2D4EFC7F-9406-4CE3-93C0-527AF0720308}.Release|Any CPU.ActiveCfg = Release|Any CPU
		{2D4EFC7F-9406-4CE3-93C0-527AF0720308}.Release|Any CPU.Build.0 = Release|Any CPU
		{A3D49318-E42B-490E-94EF-13FC1811EC3B}.Debug|Any CPU.ActiveCfg = Debug|Any CPU
		{A3D49318-E42B-490E-94EF-13FC1811EC3B}.Debug|Any CPU.Build.0 = Debug|Any CPU
		{A3D49318-E42B-490E-94EF-13FC1811EC3B}.Release|Any CPU.ActiveCfg = Release|Any CPU
		{A3D49318-E42B-490E-94EF-13FC1811EC3B}.Release|Any CPU.Build.0 = Release|Any CPU
		{0E0CE5D0-5F78-4C3C-9352-67214C50E4B7}.Debug|Any CPU.ActiveCfg = Debug|Any CPU
		{0E0CE5D0-5F78-4C3C-9352-67214C50E4B7}.Debug|Any CPU.Build.0 = Debug|Any CPU
		{0E0CE5D0-5F78-4C3C-9352-67214C50E4B7}.Release|Any CPU.ActiveCfg = Release|Any CPU
		{0E0CE5D0-5F78-4C3C-9352-67214C50E4B7}.Release|Any CPU.Build.0 = Release|Any CPU
		{4DA278ED-848B-4B3C-8A48-0C2958E98CAD}.Debug|Any CPU.ActiveCfg = Debug|Any CPU
		{4DA278ED-848B-4B3C-8A48-0C2958E98CAD}.Debug|Any CPU.Build.0 = Debug|Any CPU
		{4DA278ED-848B-4B3C-8A48-0C2958E98CAD}.Release|Any CPU.ActiveCfg = Release|Any CPU
		{4DA278ED-848B-4B3C-8A48-0C2958E98CAD}.Release|Any CPU.Build.0 = Release|Any CPU
		{E1DA21A7-D564-4F33-82BD-F9037AE6048F}.Debug|Any CPU.ActiveCfg = Debug|Any CPU
		{E1DA21A7-D564-4F33-82BD-F9037AE6048F}.Debug|Any CPU.Build.0 = Debug|Any CPU
		{E1DA21A7-D564-4F33-82BD-F9037AE6048F}.Release|Any CPU.ActiveCfg = Release|Any CPU
		{E1DA21A7-D564-4F33-82BD-F9037AE6048F}.Release|Any CPU.Build.0 = Release|Any CPU
		{41D487FC-B141-44E4-9239-F3DB3D0D5920}.Debug|Any CPU.ActiveCfg = Debug|Any CPU
		{41D487FC-B141-44E4-9239-F3DB3D0D5920}.Debug|Any CPU.Build.0 = Debug|Any CPU
		{41D487FC-B141-44E4-9239-F3DB3D0D5920}.Release|Any CPU.ActiveCfg = Release|Any CPU
		{41D487FC-B141-44E4-9239-F3DB3D0D5920}.Release|Any CPU.Build.0 = Release|Any CPU
		{287218C2-57B8-46DA-8017-D5B7DB105E9B}.Debug|Any CPU.ActiveCfg = Debug|Any CPU
		{287218C2-57B8-46DA-8017-D5B7DB105E9B}.Debug|Any CPU.Build.0 = Debug|Any CPU
		{287218C2-57B8-46DA-8017-D5B7DB105E9B}.Release|Any CPU.ActiveCfg = Release|Any CPU
		{287218C2-57B8-46DA-8017-D5B7DB105E9B}.Release|Any CPU.Build.0 = Release|Any CPU
		{FF6CAF10-138C-4E90-9ACC-99CB88755CE7}.Debug|Any CPU.ActiveCfg = Debug|Any CPU
		{FF6CAF10-138C-4E90-9ACC-99CB88755CE7}.Debug|Any CPU.Build.0 = Debug|Any CPU
		{FF6CAF10-138C-4E90-9ACC-99CB88755CE7}.Release|Any CPU.ActiveCfg = Release|Any CPU
		{FF6CAF10-138C-4E90-9ACC-99CB88755CE7}.Release|Any CPU.Build.0 = Release|Any CPU
	EndGlobalSection
	GlobalSection(SolutionProperties) = preSolution
		HideSolutionNode = FALSE
	EndGlobalSection
	GlobalSection(NestedProjects) = preSolution
		{2D4EFC7F-9406-4CE3-93C0-527AF0720308} = {F820A2FF-61BF-417D-B512-8EDA1CDE27AD}
		{A3D49318-E42B-490E-94EF-13FC1811EC3B} = {88FA1ACC-E1B3-48EE-A2E2-E65BEEDB77ED}
		{0E0CE5D0-5F78-4C3C-9352-67214C50E4B7} = {1BC78E93-BD8B-45F9-8EDF-07EC0567BEA0}
		{4DA278ED-848B-4B3C-8A48-0C2958E98CAD} = {1BC78E93-BD8B-45F9-8EDF-07EC0567BEA0}
		{E1DA21A7-D564-4F33-82BD-F9037AE6048F} = {1BC78E93-BD8B-45F9-8EDF-07EC0567BEA0}
		{41D487FC-B141-44E4-9239-F3DB3D0D5920} = {2A3191B6-1D9B-4DAA-A469-0E182F235AE2}
		{287218C2-57B8-46DA-8017-D5B7DB105E9B} = {2A3191B6-1D9B-4DAA-A469-0E182F235AE2}
		{FF6CAF10-138C-4E90-9ACC-99CB88755CE7} = {2A3191B6-1D9B-4DAA-A469-0E182F235AE2}
	EndGlobalSection
	GlobalSection(ExtensibilityGlobals) = postSolution
		SolutionGuid = {3F1F2446-952E-4540-8F71-828279419FD3}
	EndGlobalSection
EndGlobal
